// !$*UTF8*$!
{
	archiveVersion = 1;
	classes = {
	};
	objectVersion = 55;
	objects = {

/* Begin PBXBuildFile section */
		043B7B5E278C4C5A00D5648F /* main.cpp in Sources */ = {isa = PBXBuildFile; fileRef = 043B7B5D278C4C5A00D5648F /* main.cpp */; };
		043B7B66278C745300D5648F /* SampleUtils.cpp in Sources */ = {isa = PBXBuildFile; fileRef = 043B7B65278C745300D5648F /* SampleUtils.cpp */; };
		043B7B69278C797700D5648F /* Cocoa.framework in Frameworks */ = {isa = PBXBuildFile; fileRef = 043B7B68278C797700D5648F /* Cocoa.framework */; };
		043B7B6B278C798100D5648F /* CoreFoundation.framework in Frameworks */ = {isa = PBXBuildFile; fileRef = 043B7B6A278C798100D5648F /* CoreFoundation.framework */; };
		043B7B6D278C798C00D5648F /* QuartzCore.framework in Frameworks */ = {isa = PBXBuildFile; fileRef = 043B7B6C278C798C00D5648F /* QuartzCore.framework */; };
		043B7B6F278C811200D5648F /* Metal.framework in Frameworks */ = {isa = PBXBuildFile; fileRef = 043B7B6E278C811200D5648F /* Metal.framework */; };
		043B7B71278C811800D5648F /* IOSurface.framework in Frameworks */ = {isa = PBXBuildFile; fileRef = 043B7B70278C811800D5648F /* IOSurface.framework */; };
		043B7B73278C812000D5648F /* IOKit.framework in Frameworks */ = {isa = PBXBuildFile; fileRef = 043B7B72278C812000D5648F /* IOKit.framework */; };
/* End PBXBuildFile section */

/* Begin PBXCopyFilesBuildPhase section */
		043B7B58278C4C5A00D5648F /* CopyFiles */ = {
			isa = PBXCopyFilesBuildPhase;
			buildActionMask = 2147483647;
			dstPath = /usr/share/man/man1/;
			dstSubfolderSpec = 0;
			files = (
			);
			runOnlyForDeploymentPostprocessing = 1;
		};
/* End PBXCopyFilesBuildPhase section */

/* Begin PBXFileReference section */
		043B7B5A278C4C5A00D5648F /* apps */ = {isa = PBXFileReference; explicitFileType = "compiled.mach-o.executable"; includeInIndex = 0; path = apps; sourceTree = BUILT_PRODUCTS_DIR; };
		043B7B5D278C4C5A00D5648F /* main.cpp */ = {isa = PBXFileReference; lastKnownFileType = sourcecode.cpp.cpp; path = main.cpp; sourceTree = "<group>"; };
		043B7B64278C745300D5648F /* SampleUtils.h */ = {isa = PBXFileReference; fileEncoding = 4; lastKnownFileType = sourcecode.c.h; path = SampleUtils.h; sourceTree = "<group>"; };
		043B7B65278C745300D5648F /* SampleUtils.cpp */ = {isa = PBXFileReference; fileEncoding = 4; lastKnownFileType = sourcecode.cpp.cpp; path = SampleUtils.cpp; sourceTree = "<group>"; };
		043B7B68278C797700D5648F /* Cocoa.framework */ = {isa = PBXFileReference; lastKnownFileType = wrapper.framework; name = Cocoa.framework; path = System/Library/Frameworks/Cocoa.framework; sourceTree = SDKROOT; };
		043B7B6A278C798100D5648F /* CoreFoundation.framework */ = {isa = PBXFileReference; lastKnownFileType = wrapper.framework; name = CoreFoundation.framework; path = System/Library/Frameworks/CoreFoundation.framework; sourceTree = SDKROOT; };
		043B7B6C278C798C00D5648F /* QuartzCore.framework */ = {isa = PBXFileReference; lastKnownFileType = wrapper.framework; name = QuartzCore.framework; path = System/Library/Frameworks/QuartzCore.framework; sourceTree = SDKROOT; };
		043B7B6E278C811200D5648F /* Metal.framework */ = {isa = PBXFileReference; lastKnownFileType = wrapper.framework; name = Metal.framework; path = System/Library/Frameworks/Metal.framework; sourceTree = SDKROOT; };
		043B7B70278C811800D5648F /* IOSurface.framework */ = {isa = PBXFileReference; lastKnownFileType = wrapper.framework; name = IOSurface.framework; path = System/Library/Frameworks/IOSurface.framework; sourceTree = SDKROOT; };
		043B7B72278C812000D5648F /* IOKit.framework */ = {isa = PBXFileReference; lastKnownFileType = wrapper.framework; name = IOKit.framework; path = System/Library/Frameworks/IOKit.framework; sourceTree = SDKROOT; };
		043B7B74278C841400D5648F /* apps.entitlements */ = {isa = PBXFileReference; lastKnownFileType = text.plist.entitlements; path = apps.entitlements; sourceTree = "<group>"; };
/* End PBXFileReference section */

/* Begin PBXFrameworksBuildPhase section */
		043B7B57278C4C5A00D5648F /* Frameworks */ = {
			isa = PBXFrameworksBuildPhase;
			buildActionMask = 2147483647;
			files = (
				043B7B73278C812000D5648F /* IOKit.framework in Frameworks */,
				043B7B71278C811800D5648F /* IOSurface.framework in Frameworks */,
				043B7B6F278C811200D5648F /* Metal.framework in Frameworks */,
				043B7B6D278C798C00D5648F /* QuartzCore.framework in Frameworks */,
				043B7B6B278C798100D5648F /* CoreFoundation.framework in Frameworks */,
				043B7B69278C797700D5648F /* Cocoa.framework in Frameworks */,
			);
			runOnlyForDeploymentPostprocessing = 0;
		};
/* End PBXFrameworksBuildPhase section */

/* Begin PBXGroup section */
		043B7B51278C4C5A00D5648F = {
			isa = PBXGroup;
			children = (
				043B7B5C278C4C5A00D5648F /* apps */,
				043B7B5B278C4C5A00D5648F /* Products */,
				043B7B67278C797600D5648F /* Frameworks */,
			);
			sourceTree = "<group>";
		};
		043B7B5B278C4C5A00D5648F /* Products */ = {
			isa = PBXGroup;
			children = (
				043B7B5A278C4C5A00D5648F /* apps */,
			);
			name = Products;
			sourceTree = "<group>";
		};
		043B7B5C278C4C5A00D5648F /* apps */ = {
			isa = PBXGroup;
			children = (
				043B7B74278C841400D5648F /* apps.entitlements */,
				043B7B65278C745300D5648F /* SampleUtils.cpp */,
				043B7B64278C745300D5648F /* SampleUtils.h */,
				043B7B5D278C4C5A00D5648F /* main.cpp */,
			);
			path = apps;
			sourceTree = "<group>";
		};
		043B7B67278C797600D5648F /* Frameworks */ = {
			isa = PBXGroup;
			children = (
				043B7B72278C812000D5648F /* IOKit.framework */,
				043B7B70278C811800D5648F /* IOSurface.framework */,
				043B7B6E278C811200D5648F /* Metal.framework */,
				043B7B6C278C798C00D5648F /* QuartzCore.framework */,
				043B7B6A278C798100D5648F /* CoreFoundation.framework */,
				043B7B68278C797700D5648F /* Cocoa.framework */,
			);
			name = Frameworks;
			sourceTree = "<group>";
		};
/* End PBXGroup section */

/* Begin PBXNativeTarget section */
		043B7B59278C4C5A00D5648F /* apps */ = {
			isa = PBXNativeTarget;
			buildConfigurationList = 043B7B61278C4C5A00D5648F /* Build configuration list for PBXNativeTarget "apps" */;
			buildPhases = (
				043B7B56278C4C5A00D5648F /* Sources */,
				043B7B57278C4C5A00D5648F /* Frameworks */,
				043B7B58278C4C5A00D5648F /* CopyFiles */,
			);
			buildRules = (
			);
			dependencies = (
			);
			name = apps;
			productName = DigitalArche;
			productReference = 043B7B5A278C4C5A00D5648F /* apps */;
			productType = "com.apple.product-type.tool";
		};
/* End PBXNativeTarget section */

/* Begin PBXProject section */
		043B7B52278C4C5A00D5648F /* Project object */ = {
			isa = PBXProject;
			attributes = {
				BuildIndependentTargetsInParallel = 1;
				LastUpgradeCheck = 1320;
				TargetAttributes = {
					043B7B59278C4C5A00D5648F = {
						CreatedOnToolsVersion = 13.2.1;
					};
				};
			};
			buildConfigurationList = 043B7B55278C4C5A00D5648F /* Build configuration list for PBXProject "DigitalArche" */;
			compatibilityVersion = "Xcode 13.0";
			developmentRegion = en;
			hasScannedForEncodings = 0;
			knownRegions = (
				en,
				Base,
			);
			mainGroup = 043B7B51278C4C5A00D5648F;
			productRefGroup = 043B7B5B278C4C5A00D5648F /* Products */;
			projectDirPath = "";
			projectRoot = "";
			targets = (
				043B7B59278C4C5A00D5648F /* apps */,
			);
		};
/* End PBXProject section */

/* Begin PBXSourcesBuildPhase section */
		043B7B56278C4C5A00D5648F /* Sources */ = {
			isa = PBXSourcesBuildPhase;
			buildActionMask = 2147483647;
			files = (
				043B7B5E278C4C5A00D5648F /* main.cpp in Sources */,
				043B7B66278C745300D5648F /* SampleUtils.cpp in Sources */,
			);
			runOnlyForDeploymentPostprocessing = 0;
		};
/* End PBXSourcesBuildPhase section */

/* Begin XCBuildConfiguration section */
		043B7B5F278C4C5A00D5648F /* Debug */ = {
			isa = XCBuildConfiguration;
			buildSettings = {
				ALWAYS_SEARCH_USER_PATHS = NO;
				CLANG_ANALYZER_NONNULL = YES;
				CLANG_ANALYZER_NUMBER_OBJECT_CONVERSION = YES_AGGRESSIVE;
				CLANG_CXX_LANGUAGE_STANDARD = "gnu++17";
				CLANG_CXX_LIBRARY = "libc++";
				CLANG_ENABLE_MODULES = YES;
				CLANG_ENABLE_OBJC_ARC = YES;
				CLANG_ENABLE_OBJC_WEAK = YES;
				CLANG_WARN_BLOCK_CAPTURE_AUTORELEASING = YES;
				CLANG_WARN_BOOL_CONVERSION = YES;
				CLANG_WARN_COMMA = YES;
				CLANG_WARN_CONSTANT_CONVERSION = YES;
				CLANG_WARN_DEPRECATED_OBJC_IMPLEMENTATIONS = YES;
				CLANG_WARN_DIRECT_OBJC_ISA_USAGE = YES_ERROR;
				CLANG_WARN_DOCUMENTATION_COMMENTS = YES;
				CLANG_WARN_EMPTY_BODY = YES;
				CLANG_WARN_ENUM_CONVERSION = YES;
				CLANG_WARN_INFINITE_RECURSION = YES;
				CLANG_WARN_INT_CONVERSION = YES;
				CLANG_WARN_NON_LITERAL_NULL_CONVERSION = YES;
				CLANG_WARN_OBJC_IMPLICIT_RETAIN_SELF = YES;
				CLANG_WARN_OBJC_LITERAL_CONVERSION = YES;
				CLANG_WARN_OBJC_ROOT_CLASS = YES_ERROR;
				CLANG_WARN_QUOTED_INCLUDE_IN_FRAMEWORK_HEADER = YES;
				CLANG_WARN_RANGE_LOOP_ANALYSIS = YES;
				CLANG_WARN_STRICT_PROTOTYPES = YES;
				CLANG_WARN_SUSPICIOUS_MOVE = YES;
				CLANG_WARN_UNGUARDED_AVAILABILITY = YES_AGGRESSIVE;
				CLANG_WARN_UNREACHABLE_CODE = YES;
				CLANG_WARN__DUPLICATE_METHOD_MATCH = YES;
				COPY_PHASE_STRIP = NO;
				DEBUG_INFORMATION_FORMAT = dwarf;
				ENABLE_STRICT_OBJC_MSGSEND = YES;
				ENABLE_TESTABILITY = YES;
				GCC_C_LANGUAGE_STANDARD = gnu11;
				GCC_DYNAMIC_NO_PIC = NO;
				GCC_NO_COMMON_BLOCKS = YES;
				GCC_OPTIMIZATION_LEVEL = 0;
				GCC_PREPROCESSOR_DEFINITIONS = (
					"DEBUG=1",
					"$(inherited)",
				);
				GCC_WARN_64_TO_32_BIT_CONVERSION = YES;
				GCC_WARN_ABOUT_RETURN_TYPE = YES_ERROR;
				GCC_WARN_UNDECLARED_SELECTOR = YES;
				GCC_WARN_UNINITIALIZED_AUTOS = YES_AGGRESSIVE;
				GCC_WARN_UNUSED_FUNCTION = YES;
				GCC_WARN_UNUSED_VARIABLE = YES;
				MACOSX_DEPLOYMENT_TARGET = 12.1;
				MTL_ENABLE_DEBUG_INFO = INCLUDE_SOURCE;
				MTL_FAST_MATH = YES;
				ONLY_ACTIVE_ARCH = YES;
				SDKROOT = macosx;
			};
			name = Debug;
		};
		043B7B60278C4C5A00D5648F /* Release */ = {
			isa = XCBuildConfiguration;
			buildSettings = {
				ALWAYS_SEARCH_USER_PATHS = NO;
				CLANG_ANALYZER_NONNULL = YES;
				CLANG_ANALYZER_NUMBER_OBJECT_CONVERSION = YES_AGGRESSIVE;
				CLANG_CXX_LANGUAGE_STANDARD = "gnu++17";
				CLANG_CXX_LIBRARY = "libc++";
				CLANG_ENABLE_MODULES = YES;
				CLANG_ENABLE_OBJC_ARC = YES;
				CLANG_ENABLE_OBJC_WEAK = YES;
				CLANG_WARN_BLOCK_CAPTURE_AUTORELEASING = YES;
				CLANG_WARN_BOOL_CONVERSION = YES;
				CLANG_WARN_COMMA = YES;
				CLANG_WARN_CONSTANT_CONVERSION = YES;
				CLANG_WARN_DEPRECATED_OBJC_IMPLEMENTATIONS = YES;
				CLANG_WARN_DIRECT_OBJC_ISA_USAGE = YES_ERROR;
				CLANG_WARN_DOCUMENTATION_COMMENTS = YES;
				CLANG_WARN_EMPTY_BODY = YES;
				CLANG_WARN_ENUM_CONVERSION = YES;
				CLANG_WARN_INFINITE_RECURSION = YES;
				CLANG_WARN_INT_CONVERSION = YES;
				CLANG_WARN_NON_LITERAL_NULL_CONVERSION = YES;
				CLANG_WARN_OBJC_IMPLICIT_RETAIN_SELF = YES;
				CLANG_WARN_OBJC_LITERAL_CONVERSION = YES;
				CLANG_WARN_OBJC_ROOT_CLASS = YES_ERROR;
				CLANG_WARN_QUOTED_INCLUDE_IN_FRAMEWORK_HEADER = YES;
				CLANG_WARN_RANGE_LOOP_ANALYSIS = YES;
				CLANG_WARN_STRICT_PROTOTYPES = YES;
				CLANG_WARN_SUSPICIOUS_MOVE = YES;
				CLANG_WARN_UNGUARDED_AVAILABILITY = YES_AGGRESSIVE;
				CLANG_WARN_UNREACHABLE_CODE = YES;
				CLANG_WARN__DUPLICATE_METHOD_MATCH = YES;
				COPY_PHASE_STRIP = NO;
				DEBUG_INFORMATION_FORMAT = "dwarf-with-dsym";
				ENABLE_NS_ASSERTIONS = NO;
				ENABLE_STRICT_OBJC_MSGSEND = YES;
				GCC_C_LANGUAGE_STANDARD = gnu11;
				GCC_NO_COMMON_BLOCKS = YES;
				GCC_WARN_64_TO_32_BIT_CONVERSION = YES;
				GCC_WARN_ABOUT_RETURN_TYPE = YES_ERROR;
				GCC_WARN_UNDECLARED_SELECTOR = YES;
				GCC_WARN_UNINITIALIZED_AUTOS = YES_AGGRESSIVE;
				GCC_WARN_UNUSED_FUNCTION = YES;
				GCC_WARN_UNUSED_VARIABLE = YES;
				MACOSX_DEPLOYMENT_TARGET = 12.1;
				MTL_ENABLE_DEBUG_INFO = NO;
				MTL_FAST_MATH = YES;
				SDKROOT = macosx;
			};
			name = Release;
		};
		043B7B62278C4C5A00D5648F /* Debug */ = {
			isa = XCBuildConfiguration;
			buildSettings = {
				CODE_SIGN_ENTITLEMENTS = apps/apps.entitlements;
				CODE_SIGN_STYLE = Automatic;
				DEVELOPMENT_TEAM = 4SL5L673UU;
				ENABLE_HARDENED_RUNTIME = YES;
				GCC_PREPROCESSOR_DEFINITIONS = (
					"'CMAKE_INTDIR=\"$(CONFIGURATION)$(EFFECTIVE_PLATFORM_NAME)\"'",
					DAWN_ENABLE_BACKEND_METAL,
					DAWN_ENABLE_BACKEND_NULL,
					"$(inherited)",
				);
				LIBRARY_SEARCH_PATHS = (
					"./third_party/dawn/cmake-debug/src/common",
					"./third_party/dawn/cmake-debug/src/dawn",
					"./third_party/dawn/cmake-debug/src/dawn_native",
					"./third_party/dawn/cmake-debug/src/dawn_platform",
					"./third_party/dawn/cmake-debug/src/dawn_wire",
					"./third_party/dawn/cmake-debug/src/utils",
					"./third_party/dawn/cmake-debug/third_party/tint/src",
					"./third_party/dawn/cmake-debug/third_party/spirv-tools/source",
					"./third_party/dawn/cmake-debug/third_party/spirv-tools/source/opt",
					"./third_party/dawn/cmake-debug/third_party/abseil/absl/strings",
					"./third_party/dawn/cmake-debug/third_party/abseil/absl/base",
					"./third_party/dawn/cmake-debug/third_party/abseil/absl/numeric",
					"./third_party/dawn/cmake-debug/third_party/glfw/src",
					"./third_party/dawn/cmake-debug/examples",
				);
				OTHER_LDFLAGS = (
					"-Wl,-search_paths_first",
					"-Wl,-headerpad_max_install_names",
					"-lglfw3",
					"-labsl_str_format_internal",
					"-labsl_strings_internal",
					"-labsl_strings",
					"-labsl_base",
					"-labsl_spinlock_wait",
					"-labsl_raw_logging_internal",
					"-labsl_throw_delegate",
					"-labsl_log_severity",
					"-labsl_int128",
					"-ldawn_common",
					"-ldawn_headers",
					"-ldawncpp_headers",
					"-ldawncpp",
					"-ldawn_proc",
					"-ldawn_platform",
					"-ldawn_wire",
					"-ldawn_utils",
					"-ltint",
					"-lSPIRV-Tools",
					"-lSPIRV-Tools-opt",
					"-ldawn_sample_utils",
					"-ldawn_native",
				);
				PRODUCT_NAME = "$(TARGET_NAME)";
				SYSTEM_HEADER_SEARCH_PATHS = (
					./third_party/dawn/src,
					./third_party/dawn/src/include,
					./third_party/dawn/third_party/glfw/include,
					"./third_party/dawn/cmake-debug/gen/src/include",
				);
				USE_HEADERMAP = NO;
			};
			name = Debug;
		};
		043B7B63278C4C5A00D5648F /* Release */ = {
			isa = XCBuildConfiguration;
			buildSettings = {
				CODE_SIGN_ENTITLEMENTS = apps/apps.entitlements;
				CODE_SIGN_STYLE = Automatic;
				DEVELOPMENT_TEAM = 4SL5L673UU;
				ENABLE_HARDENED_RUNTIME = YES;
				GCC_PREPROCESSOR_DEFINITIONS = (
					"'CMAKE_INTDIR=\"$(CONFIGURATION)$(EFFECTIVE_PLATFORM_NAME)\"'",
					DAWN_ENABLE_BACKEND_METAL,
					DAWN_ENABLE_BACKEND_NULL,
					"$(inherited)",
				);
				LIBRARY_SEARCH_PATHS = (
					"./third_party/dawn/cmake-release/src/common",
					"./third_party/dawn/cmake-release/src/dawn",
					"./third_party/dawn/cmake-release/src/dawn_native",
					"./third_party/dawn/cmake-release/src/dawn_platform",
					"./third_party/dawn/cmake-release/src/dawn_wire",
					"./third_party/dawn/cmake-release/src/utils",
					"./third_party/dawn/cmake-release/third_party/tint/src",
					"./third_party/dawn/cmake-release/third_party/spirv-tools/source",
					"./third_party/dawn/cmake-release/third_party/spirv-tools/source/opt",
					"./third_party/dawn/cmake-release/third_party/abseil/absl/strings",
					"./third_party/dawn/cmake-release/third_party/abseil/absl/base",
					"./third_party/dawn/cmake-release/third_party/abseil/absl/numeric",
					"./third_party/dawn/cmake-release/third_party/glfw/src",
					"./third_party/dawn/cmake-release/examples",
				);
				OTHER_LDFLAGS = (
					"-Wl,-search_paths_first",
					"-Wl,-headerpad_max_install_names",
					"-lglfw3",
					"-labsl_str_format_internal",
					"-labsl_strings_internal",
					"-labsl_strings",
					"-labsl_base",
					"-labsl_spinlock_wait",
					"-labsl_raw_logging_internal",
					"-labsl_throw_delegate",
					"-labsl_log_severity",
					"-labsl_int128",
					"-ldawn_common",
					"-ldawn_headers",
					"-ldawncpp_headers",
					"-ldawncpp",
					"-ldawn_proc",
					"-ldawn_platform",
					"-ldawn_wire",
					"-ldawn_utils",
					"-ltint",
					"-lSPIRV-Tools",
					"-lSPIRV-Tools-opt",
					"-ldawn_sample_utils",
					"-ldawn_native",
				);
				PRODUCT_NAME = "$(TARGET_NAME)";
				SYSTEM_HEADER_SEARCH_PATHS = (
					./third_party/dawn/src,
					./third_party/dawn/src/include,
					./third_party/dawn/third_party/glfw/include,
					"./third_party/dawn/cmake-release/gen/src/include",
				);
				USE_HEADERMAP = NO;
			};
			name = Release;
		};
/* End XCBuildConfiguration section */

/* Begin XCConfigurationList section */
		043B7B55278C4C5A00D5648F /* Build configuration list for PBXProject "DigitalArche" */ = {
			isa = XCConfigurationList;
			buildConfigurations = (
				043B7B5F278C4C5A00D5648F /* Debug */,
				043B7B60278C4C5A00D5648F /* Release */,
			);
			defaultConfigurationIsVisible = 0;
			defaultConfigurationName = Release;
		};
		043B7B61278C4C5A00D5648F /* Build configuration list for PBXNativeTarget "apps" */ = {
			isa = XCConfigurationList;
			buildConfigurations = (
				043B7B62278C4C5A00D5648F /* Debug */,
				043B7B63278C4C5A00D5648F /* Release */,
			);
			defaultConfigurationIsVisible = 0;
			defaultConfigurationName = Release;
		};
/* End XCConfigurationList section */
	};
	rootObject = 043B7B52278C4C5A00D5648F /* Project object */;
}
